
Microsoft Visual Studio Solution File, Format Version 12.00
# Visual Studio 15
VisualStudioVersion = 15.0.28307.168
MinimumVisualStudioVersion = 10.0.40219.1
Project("{FAE04EC0-301F-11D3-BF4B-00C04F79EFBC}") = "Task1", "ConsoleApp5\Task1.csproj", "{29A9C821-06B3-4440-83DA-B4319FDA9DE6}"
EndProject
Global
	GlobalSection(SolutionConfigurationPlatforms) = preSolution
		Debug|Any CPU = Debug|Any CPU
		Release|Any CPU = Release|Any CPU
	EndGlobalSection
	GlobalSection(ProjectConfigurationPlatforms) = postSolution
		{29A9C821-06B3-4440-83DA-B4319FDA9DE6}.Debug|Any CPU.ActiveCfg = Debug|Any CPU
		{29A9C821-06B3-4440-83DA-B4319FDA9DE6}.Debug|Any CPU.Build.0 = Debug|Any CPU
		{29A9C821-06B3-4440-83DA-B4319FDA9DE6}.Release|Any CPU.ActiveCfg = Release|Any CPU
		{29A9C821-06B3-4440-83DA-B4319FDA9DE6}.Release|Any CPU.Build.0 = Release|Any CPU
	EndGlobalSection
	GlobalSection(SolutionProperties) = preSolution
		HideSolutionNode = FALSE
	EndGlobalSection
	GlobalSection(ExtensibilityGlobals) = postSolution
		SolutionGuid = {2108D5F3-4874-4641-8048-AC4CB6AB80D3}
	EndGlobalSection
EndGlobal
